Microsoft Visual Studio Solution File, Format Version 12.00
# Visual Studio Version 17
VisualStudioVersion = 17.13.35919.96
MinimumVisualStudioVersion = 10.0.40219.1
Project("{FAE04EC0-301F-11D3-BF4B-00C04F79EFBC}") = "SeleniumSpecFlowC", "SeleniumSpecFlowC\SeleniumSpecFlowC.csproj", "{C34EA411-A117-42BB-B41C-20C058569591}"
EndProject
Global
	GlobalSection(SolutionConfigurationPlatforms) = preSolution
		Debug|Any CPU = Debug|Any CPU
		Release|Any CPU = Release|Any CPU
	EndGlobalSection
	GlobalSection(ProjectConfigurationPlatforms) = postSolution
		{C34EA411-A117-42BB-B41C-20C058569591}.Debug|Any CPU.ActiveCfg = Debug|Any CPU
		{C34EA411-A117-42BB-B41C-20C058569591}.Debug|Any CPU.Build.0 = Debug|Any CPU
		{C34EA411-A117-42BB-B41C-20C058569591}.Release|Any CPU.ActiveCfg = Release|Any CPU
		{C34EA411-A117-42BB-B41C-20C058569591}.Release|Any CPU.Build.0 = Release|Any CPU
	EndGlobalSection
	GlobalSection(SolutionProperties) = preSolution
		HideSolutionNode = FALSE
	EndGlobalSection
	GlobalSection(ExtensibilityGlobals) = postSolution
		SolutionGuid = {BCD0AD61-E389-489E-B6CD-8BEACD18E15D}
	EndGlobalSection
EndGlobal
